{
  "nodes": {
    "devenv": {
      "locked": {
        "dir": "src/modules",
        "lastModified": 1773714831,
        "narHash": "sha256-qUJ59Zj+M3OomXnPVx/R+AtloTuzH2zZBsK1vrVo9SA=",
        "owner": "cachix",
        "repo": "devenv",
        "rev": "6e82f48e9ae25c7a2560fce5324d873d8944a008",
        "type": "github"
      },
      "original": {
        "dir": "src/modules",
        "owner": "cachix",
        "repo": "devenv",
        "type": "github"
      }
    },
    "nixpkgs": {
      "locked": {
        "lastModified": 1773597492,
        "narHash": "sha256-hQ284SkIeNaeyud+LS0WVLX+WL2rxcVZLFEaK0e03zg=",
        "owner": "NixOS",
        "repo": "nixpkgs",
        "rev": "a07d4ce6bee67d7c838a8a5796e75dff9caa21ef",
        "type": "github"
      },
      "original": {
        "owner": "NixOS",
        "ref": "nixpkgs-unstable",
        "repo": "nixpkgs",
        "type": "github"
      }
    },
    "root": {
      "inputs": {
        "devenv": "devenv",
        "nixpkgs": "nixpkgs",
        "shared": "shared",
        "treefmt-nix": "treefmt-nix"
      }
    },
    "shared": {
      "flake": false,
      "locked": {
        "path": "../_shared",
        "type": "path"
      },
      "original": {
        "path": "../_shared",
        "type": "path"
      },
      "parent": []
    },
    "treefmt-nix": {
      "inputs": {
        "nixpkgs": [
          "nixpkgs"
        ]
      },
      "locked": {
        "lastModified": 1773297127,
        "narHash": "sha256-6E/yhXP7Oy/NbXtf1ktzmU8SdVqJQ09HC/48ebEGBpk=",
        "owner": "numtide",
        "repo": "treefmt-nix",
        "rev": "71b125cd05fbfd78cab3e070b73544abe24c5016",
        "type": "github"
      },
      "original": {
        "owner": "numtide",
        "repo": "treefmt-nix",
        "type": "github"
      }
    }
  },
  "root": "root",
  "version": 7
}