{
  "nodes": {
    "devenv": {
      "locked": {
        "dir": "src/modules",
        "lastModified": 1774428097,
        "narHash": "sha256-yQAutPgbsVHsN/SygZDyzMRxQn6Im53PJkrI377N8Sg=",
        "owner": "cachix",
        "repo": "devenv",
        "rev": "957d63f663f230dc8ac3b85f950690e56fe8b1e0",
        "type": "github"
      },
      "original": {
        "dir": "src/modules",
        "owner": "cachix",
        "repo": "devenv",
        "type": "github"
      }
    },
    "nixpkgs": {
      "locked": {
        "lastModified": 1774273680,
        "narHash": "sha256-a++tZ1RQsDb1I0NHrFwdGuRlR5TORvCEUksM459wKUA=",
        "owner": "NixOS",
        "repo": "nixpkgs",
        "rev": "fdc7b8f7b30fdbedec91b71ed82f36e1637483ed",
        "type": "github"
      },
      "original": {
        "owner": "NixOS",
        "ref": "nixpkgs-unstable",
        "repo": "nixpkgs",
        "type": "github"
      }
    },
    "root": {
      "inputs": {
        "devenv": "devenv",
        "nixpkgs": "nixpkgs",
        "shared": "shared"
      }
    },
    "shared": {
      "flake": false,
      "locked": {
        "path": "../_shared",
        "type": "path"
      },
      "original": {
        "path": "../_shared",
        "type": "path"
      },
      "parent": []
    }
  },
  "root": "root",
  "version": 7
}